Microsoft Visual Studio Solution File, Format Version 12.00
# Visual Studio Version 17
VisualStudioVersion = 17.6.33723.286
MinimumVisualStudioVersion = 10.0.40219.1
Project("{9A19103F-16F7-4668-BE54-9A1E7A4F7556}") = "CelesteStudio", "CelesteStudio.csproj", "{51388820-C0EE-420A-BB43-94C7F75145FC}"
EndProject
Global
	GlobalSection(SolutionConfigurationPlatforms) = preSolution
		Debug|Any CPU = Debug|Any CPU
		Release|Any CPU = Release|Any CPU
	EndGlobalSection
	GlobalSection(ProjectConfigurationPlatforms) = postSolution
		{51388820-C0EE-420A-BB43-94C7F75145FC}.Debug|Any CPU.ActiveCfg = Debug|Any CPU
		{51388820-C0EE-420A-BB43-94C7F75145FC}.Debug|Any CPU.Build.0 = Debug|Any CPU
		{51388820-C0EE-420A-BB43-94C7F75145FC}.Release|Any CPU.ActiveCfg = Release|Any CPU
		{51388820-C0EE-420A-BB43-94C7F75145FC}.Release|Any CPU.Build.0 = Release|Any CPU
	EndGlobalSection
	GlobalSection(SolutionProperties) = preSolution
		HideSolutionNode = FALSE
	EndGlobalSection
	GlobalSection(SharedMSBuildProjectFiles) = preSolution
		..\StudioCommunication\StudioCommunication.projitems*{51388820-c0ee-420a-bb43-94c7f75145fc}*SharedItemsImports = 5
	EndGlobalSection
EndGlobal
